# THIS IS AN AUTOGENERATED FILE. DO NOT EDIT THIS FILE DIRECTLY.
# yarn lockfile v1


jsfive@0.3.13:
  version "0.3.13"
  resolved "https://registry.yarnpkg.com/jsfive/-/jsfive-0.3.13.tgz#0a407adf898d764e56925077775b54c8f852bceb"
  integrity sha512-aLOL52kk7j4Yj6tdrz237gL5wDYVyWq2/1wVCD0aoxWbPSJ2QiHwbIu0k2veI2cEis7WJ+ouCo2C21bwmc/VBQ==
  dependencies:
    pako "^2.0.4"

pako@^2.0.4:
  version "2.0.4"
  resolved "https://registry.yarnpkg.com/pako/-/pako-2.0.4.tgz#6cebc4bbb0b6c73b0d5b8d7e8476e2b2fbea576d"
  integrity sha512-v8tweI900AUkZN6heMU/4Uy4cXRc2AYNRggVmTR+dEncawDJgCdLMximOVA2p4qO57WMynangsfGRb5WD6L1Bg==
